
Microsoft Visual Studio Solution File, Format Version 12.00
# Visual Studio Version 16
VisualStudioVersion = 16.0.30804.86
MinimumVisualStudioVersion = 10.0.40219.1
Project("{FAE04EC0-301F-11D3-BF4B-00C04F79EFBC}") = "Odd Lines", "Odd Lines\Odd Lines.csproj", "{BDF55170-6EBA-48C8-AAB5-6339CA8DB64D}"
EndProject
Project("{FAE04EC0-301F-11D3-BF4B-00C04F79EFBC}") = "Line Numbers", "Line Numbers\Line Numbers.csproj", "{34A6B3F4-C1D3-4B25-8756-E6950F94593B}"
EndProject
Project("{FAE04EC0-301F-11D3-BF4B-00C04F79EFBC}") = "WordCount", "WordCount\WordCount.csproj", "{EBF2A901-5D7B-4923-9F09-7F7AC919E68A}"
EndProject
Project("{FAE04EC0-301F-11D3-BF4B-00C04F79EFBC}") = "Merge Files", "Merge Files\Merge Files.csproj", "{66FA3C2F-F7FB-4D69-BC6B-3A0423EE6844}"
EndProject
Project("{FAE04EC0-301F-11D3-BF4B-00C04F79EFBC}") = "Slice a File", "Slice a File\Slice a File.csproj", "{E949F285-28B9-47CC-BB6B-16B20FB08570}"
EndProject
Project("{FAE04EC0-301F-11D3-BF4B-00C04F79EFBC}") = "Directories", "Directories\Directories.csproj", "{C7EC1FE9-8B78-4083-BB2F-9618C84AABFD}"
EndProject
Project("{FAE04EC0-301F-11D3-BF4B-00C04F79EFBC}") = "DirectoriesDeleteAll-Coution!!!", "DirectoriesDeleteAll-Coution!!!\DirectoriesDeleteAll-Coution!!!.csproj", "{B4B72562-4401-44AC-8F07-620CD1811534}"
EndProject
Global
	GlobalSection(SolutionConfigurationPlatforms) = preSolution
		Debug|Any CPU = Debug|Any CPU
		Release|Any CPU = Release|Any CPU
	EndGlobalSection
	GlobalSection(ProjectConfigurationPlatforms) = postSolution
		{BDF55170-6EBA-48C8-AAB5-6339CA8DB64D}.Debug|Any CPU.ActiveCfg = Debug|Any CPU
		{BDF55170-6EBA-48C8-AAB5-6339CA8DB64D}.Debug|Any CPU.Build.0 = Debug|Any CPU
		{BDF55170-6EBA-48C8-AAB5-6339CA8DB64D}.Release|Any CPU.ActiveCfg = Release|Any CPU
		{BDF55170-6EBA-48C8-AAB5-6339CA8DB64D}.Release|Any CPU.Build.0 = Release|Any CPU
		{34A6B3F4-C1D3-4B25-8756-E6950F94593B}.Debug|Any CPU.ActiveCfg = Debug|Any CPU
		{34A6B3F4-C1D3-4B25-8756-E6950F94593B}.Debug|Any CPU.Build.0 = Debug|Any CPU
		{34A6B3F4-C1D3-4B25-8756-E6950F94593B}.Release|Any CPU.ActiveCfg = Release|Any CPU
		{34A6B3F4-C1D3-4B25-8756-E6950F94593B}.Release|Any CPU.Build.0 = Release|Any CPU
		{EBF2A901-5D7B-4923-9F09-7F7AC919E68A}.Debug|Any CPU.ActiveCfg = Debug|Any CPU
		{EBF2A901-5D7B-4923-9F09-7F7AC919E68A}.Debug|Any CPU.Build.0 = Debug|Any CPU
		{EBF2A901-5D7B-4923-9F09-7F7AC919E68A}.Release|Any CPU.ActiveCfg = Release|Any CPU
		{EBF2A901-5D7B-4923-9F09-7F7AC919E68A}.Release|Any CPU.Build.0 = Release|Any CPU
		{66FA3C2F-F7FB-4D69-BC6B-3A0423EE6844}.Debug|Any CPU.ActiveCfg = Debug|Any CPU
		{66FA3C2F-F7FB-4D69-BC6B-3A0423EE6844}.Debug|Any CPU.Build.0 = Debug|Any CPU
		{66FA3C2F-F7FB-4D69-BC6B-3A0423EE6844}.Release|Any CPU.ActiveCfg = Release|Any CPU
		{66FA3C2F-F7FB-4D69-BC6B-3A0423EE6844}.Release|Any CPU.Build.0 = Release|Any CPU
		{E949F285-28B9-47CC-BB6B-16B20FB08570}.Debug|Any CPU.ActiveCfg = Debug|Any CPU
		{E949F285-28B9-47CC-BB6B-16B20FB08570}.Debug|Any CPU.Build.0 = Debug|Any CPU
		{E949F285-28B9-47CC-BB6B-16B20FB08570}.Release|Any CPU.ActiveCfg = Release|Any CPU
		{E949F285-28B9-47CC-BB6B-16B20FB08570}.Release|Any CPU.Build.0 = Release|Any CPU
		{C7EC1FE9-8B78-4083-BB2F-9618C84AABFD}.Debug|Any CPU.ActiveCfg = Debug|Any CPU
		{C7EC1FE9-8B78-4083-BB2F-9618C84AABFD}.Debug|Any CPU.Build.0 = Debug|Any CPU
		{C7EC1FE9-8B78-4083-BB2F-9618C84AABFD}.Release|Any CPU.ActiveCfg = Release|Any CPU
		{C7EC1FE9-8B78-4083-BB2F-9618C84AABFD}.Release|Any CPU.Build.0 = Release|Any CPU
		{B4B72562-4401-44AC-8F07-620CD1811534}.Debug|Any CPU.ActiveCfg = Debug|Any CPU
		{B4B72562-4401-44AC-8F07-620CD1811534}.Debug|Any CPU.Build.0 = Debug|Any CPU
		{B4B72562-4401-44AC-8F07-620CD1811534}.Release|Any CPU.ActiveCfg = Release|Any CPU
		{B4B72562-4401-44AC-8F07-620CD1811534}.Release|Any CPU.Build.0 = Release|Any CPU
	EndGlobalSection
	GlobalSection(SolutionProperties) = preSolution
		HideSolutionNode = FALSE
	EndGlobalSection
	GlobalSection(ExtensibilityGlobals) = postSolution
		SolutionGuid = {74E45FFA-E5C8-4C67-89CD-635A1F631917}
	EndGlobalSection
EndGlobal
